# THIS IS AN AUTOGENERATED FILE. DO NOT EDIT THIS FILE DIRECTLY.
# yarn lockfile v1


biskviit@1.0.1:
  version "1.0.1"
  resolved "https://registry.yarnpkg.com/biskviit/-/biskviit-1.0.1.tgz#037a0cd4b71b9e331fd90a1122de17dc49e420a7"
  dependencies:
    psl "^1.1.7"

encoding@0.1.12:
  version "0.1.12"
  resolved "https://registry.yarnpkg.com/encoding/-/encoding-0.1.12.tgz#538b66f3ee62cd1ab51ec323829d1f9480c74beb"
  dependencies:
    iconv-lite "~0.4.13"

fetch@^1.1.0:
  version "1.1.0"
  resolved "https://registry.yarnpkg.com/fetch/-/fetch-1.1.0.tgz#0a8279f06be37f9f0ebb567560a30a480da59a2e"
  dependencies:
    biskviit "1.0.1"
    encoding "0.1.12"

iconv-lite@~0.4.13:
  version "0.4.23"
  resolved "https://registry.yarnpkg.com/iconv-lite/-/iconv-lite-0.4.23.tgz#297871f63be507adcfbfca715d0cd0eed84e9a63"
  dependencies:
    safer-buffer ">= 2.1.2 < 3"

psl@^1.1.7:
  version "1.1.26"
  resolved "https://registry.yarnpkg.com/psl/-/psl-1.1.26.tgz#b2d3248185d7d27ff616ba1536851db0b59d9e75"

"safer-buffer@>= 2.1.2 < 3":
  version "2.1.2"
  resolved "https://registry.yarnpkg.com/safer-buffer/-/safer-buffer-2.1.2.tgz#44fa161b0187b9549dd84bb91802f9bd8385cd6a"

tsc@^1.20150623.0:
  version "1.20150623.0"
  resolved "https://registry.yarnpkg.com/tsc/-/tsc-1.20150623.0.tgz#4ebc3c774e169148cbc768a7342533f082c7a6e5"

typescript@^2.8.3:
  version "2.8.3"
  resolved "https://registry.yarnpkg.com/typescript/-/typescript-2.8.3.tgz#5d817f9b6f31bb871835f4edf0089f21abe6c170"
